<Solution>
  <Project Path="Fitnet.AppHost/Fitnet.AppHost.csproj" />
  <Project Path="Fitnet.ArchitectureTests\Fitnet.ArchitectureTests.csproj" />
  <Project Path="Fitnet.IntegrationTests\Fitnet.IntegrationTests.csproj" />
  <Project Path="Fitnet.UnitTests\Fitnet.UnitTests.csproj" />
  <Project Path="Fitnet\Fitnet.csproj" />
  <Project Path="Modules/Contracts/Contracts.Application/Contracts.Application.csproj" />
  <Project Path="Modules/Contracts/Contracts.Domain/Contracts.Domain.csproj" />
  <Project Path="Modules/Contracts/Contracts.Infrastructure/Contracts.Infrastructure.csproj" />
  <Project Path="Modules/Contracts/Contracts.Presentation/Contracts.Presentation.csproj" />
</Solution>